
Microsoft Visual Studio Solution File, Format Version 12.00
# Visual Studio Version 16
VisualStudioVersion = 16.0.30320.27
MinimumVisualStudioVersion = 10.0.40219.1
Project("{FAE04EC0-301F-11D3-BF4B-00C04F79EFBC}") = "TestServer", "TestServer\TestServer.csproj", "{56137AAC-021E-4777-8D1F-35B9F2B8A90D}"
EndProject
Global
	GlobalSection(SolutionConfigurationPlatforms) = preSolution
		Debug|Any CPU = Debug|Any CPU
		Release|Any CPU = Release|Any CPU
	EndGlobalSection
	GlobalSection(ProjectConfigurationPlatforms) = postSolution
		{56137AAC-021E-4777-8D1F-35B9F2B8A90D}.Debug|Any CPU.ActiveCfg = Debug|Any CPU
		{56137AAC-021E-4777-8D1F-35B9F2B8A90D}.Debug|Any CPU.Build.0 = Debug|Any CPU
		{56137AAC-021E-4777-8D1F-35B9F2B8A90D}.Release|Any CPU.ActiveCfg = Release|Any CPU
		{56137AAC-021E-4777-8D1F-35B9F2B8A90D}.Release|Any CPU.Build.0 = Release|Any CPU
	EndGlobalSection
	GlobalSection(SolutionProperties) = preSolution
		HideSolutionNode = FALSE
	EndGlobalSection
	GlobalSection(ExtensibilityGlobals) = postSolution
		SolutionGuid = {F32EE21C-629B-4F28-9C1F-8E15558B53B7}
	EndGlobalSection
EndGlobal
